# THIS IS AN AUTOGENERATED FILE. DO NOT EDIT THIS FILE DIRECTLY.
# yarn lockfile v1


"@types/bcryptjs@^2.4.0":
  version "2.4.0"
  resolved "https://registry.yarnpkg.com/@types/bcryptjs/-/bcryptjs-2.4.0.tgz#6b78a7c4fdbc1e2f1b5b53d9ed00b9d88c377604"

"@types/lodash@^4.14.53":
  version "4.14.53"
  resolved "https://registry.yarnpkg.com/@types/lodash/-/lodash-4.14.53.tgz#c81ee7f2a551f92fb8692a2f6766d0430ccce9eb"
